
Microsoft Visual Studio Solution File, Format Version 12.00
# Visual Studio Version 17
VisualStudioVersion = 17.12.35527.113
MinimumVisualStudioVersion = 10.0.40219.1
Project("{FAE04EC0-301F-11D3-BF4B-00C04F79EFBC}") = "DemoApp", "DemoApp\DemoApp.csproj", "{1759B4AE-4D91-4A33-8611-DBC3D318E7ED}"
EndProject
Project("{FAE04EC0-301F-11D3-BF4B-00C04F79EFBC}") = "InputTest", "InputTest\InputTest.csproj", "{FAD8FEEB-4D9F-41EC-8470-C42CC50A7523}"
EndProject
Project("{FAE04EC0-301F-11D3-BF4B-00C04F79EFBC}") = "MethodTest", "MethodTest\MethodTest.csproj", "{C548B8BF-BDB4-4514-854B-22457368A94C}"
EndProject
Project("{FAE04EC0-301F-11D3-BF4B-00C04F79EFBC}") = "PersonAge", "PersonAge\PersonAge.csproj", "{4CA4E2C5-9AEC-4940-B5A6-33ABF3A53F12}"
EndProject
Project("{FAE04EC0-301F-11D3-BF4B-00C04F79EFBC}") = "PersonAB", "PersonAB\PersonAB.csproj", "{C19A3D46-0CD0-4F01-9470-D65671B89885}"
EndProject
Project("{FAE04EC0-301F-11D3-BF4B-00C04F79EFBC}") = "NullCheck", "NullCheck\NullCheck.csproj", "{C71C8EE7-4F21-42AC-B80B-C2DDCF206D95}"
EndProject
Project("{FAE04EC0-301F-11D3-BF4B-00C04F79EFBC}") = "MaxInt", "MaxInt\MaxInt.csproj", "{ECFBA299-6A92-447F-8444-6B24D96D9139}"
EndProject
Project("{FAE04EC0-301F-11D3-BF4B-00C04F79EFBC}") = "AndOrNot", "AndOrNot\AndOrNot.csproj", "{CFB4FDFA-DB0E-4025-8614-B70F5AB31E08}"
EndProject
Project("{FAE04EC0-301F-11D3-BF4B-00C04F79EFBC}") = "SwitchCase", "SwitchCase\SwitchCase.csproj", "{74360DD2-45E3-4F9C-A8C9-F84835905498}"
EndProject
Project("{FAE04EC0-301F-11D3-BF4B-00C04F79EFBC}") = "PositioningPattern", "PositioningPattern\PositioningPattern.csproj", "{38E43CEB-A2FC-46BB-A822-0DA9A6DEA929}"
EndProject
Project("{FAE04EC0-301F-11D3-BF4B-00C04F79EFBC}") = "LINQ", "LINQ\LINQ.csproj", "{7487484E-DE4A-4286-B8F6-FBFD9737CC38}"
EndProject
Project("{FAE04EC0-301F-11D3-BF4B-00C04F79EFBC}") = "String", "String\String.csproj", "{B67E79D9-55AA-43C5-90F7-310DC7417692}"
EndProject
Project("{FAE04EC0-301F-11D3-BF4B-00C04F79EFBC}") = "Arrays", "Arrays\Arrays.csproj", "{EB5B67E3-3F46-4D2E-83AC-A9FF62EEB3D1}"
EndProject
Project("{FAE04EC0-301F-11D3-BF4B-00C04F79EFBC}") = "Enums", "Enums\Enums.csproj", "{3EB4A894-F2CA-4A81-8193-F84B78AB66BF}"
EndProject
Project("{FAE04EC0-301F-11D3-BF4B-00C04F79EFBC}") = "DateTimeFormat", "DateTimeFormat\DateTimeFormat.csproj", "{15F57A1D-32A7-47A9-AA95-4FDA337CC8CF}"
EndProject
Project("{FAE04EC0-301F-11D3-BF4B-00C04F79EFBC}") = "StringTask", "StringTask\StringTask.csproj", "{E73AAE1D-C78D-4E1C-9C1E-C0F6E6B5AD76}"
EndProject
Project("{FAE04EC0-301F-11D3-BF4B-00C04F79EFBC}") = "Persons", "OOP\Persons.csproj", "{E1826485-493A-457E-97E8-53B8D62ED49D}"
EndProject
Project("{FAE04EC0-301F-11D3-BF4B-00C04F79EFBC}") = "Casting", "Casting\Casting.csproj", "{29548AB8-18B8-468F-8C55-F6865577788D}"
EndProject
Project("{2150E333-8FDC-42A3-9474-1A3956D46DE8}") = "OOP", "OOP", "{07EC6C2E-F871-4D3D-A16E-4CC0D8EA13E8}"
EndProject
Project("{FAE04EC0-301F-11D3-BF4B-00C04F79EFBC}") = "ObjectTest", "ObjectTest\ObjectTest.csproj", "{BBB7A035-601A-4EFC-812F-56C876FEC632}"
EndProject
Project("{FAE04EC0-301F-11D3-BF4B-00C04F79EFBC}") = "ClassBasics", "ClassBasics\ClassBasics.csproj", "{77FCA857-37F0-4CBE-BA23-953A0BCBC981}"
EndProject
Project("{FAE04EC0-301F-11D3-BF4B-00C04F79EFBC}") = "NonMutable", "NonMutable\NonMutable.csproj", "{FCFD94E2-D06C-4E39-9F87-847684B929A6}"
EndProject
Project("{FAE04EC0-301F-11D3-BF4B-00C04F79EFBC}") = "KeywordNewInMethod", "KeywordNewInMethod\KeywordNewInMethod.csproj", "{ED9712AF-8894-4B37-89B1-9966A0975D7F}"
EndProject
Project("{2150E333-8FDC-42A3-9474-1A3956D46DE8}") = "Basics", "Basics", "{89DD95B9-C02B-4CF4-B88D-5891114EB161}"
EndProject
Project("{FAE04EC0-301F-11D3-BF4B-00C04F79EFBC}") = "Interfaces", "Interfaces\Interfaces.csproj", "{284A5AB4-DAB2-4F0D-8CB8-52EFDC9C1CEE}"
EndProject
Project("{2150E333-8FDC-42A3-9474-1A3956D46DE8}") = "Tasks", "Tasks", "{4C1584AF-BA0C-424F-9EB1-F10E0805B9B6}"
EndProject
Project("{FAE04EC0-301F-11D3-BF4B-00C04F79EFBC}") = "Task_123", "Task_1\Task_123.csproj", "{BDB9E7B6-9417-4CD0-BB9D-65D6EA7D2850}"
EndProject
Project("{FAE04EC0-301F-11D3-BF4B-00C04F79EFBC}") = "Task_4", "Task_4\Task_4.csproj", "{E2A2888A-2BEA-4DFB-B140-DDFD38BE97F5}"
EndProject
Project("{FAE04EC0-301F-11D3-BF4B-00C04F79EFBC}") = "Task_5", "Task_5\Task_5.csproj", "{B8717836-DC48-42B0-9B97-40E13243153B}"
EndProject
Global
	GlobalSection(SolutionConfigurationPlatforms) = preSolution
		Debug|Any CPU = Debug|Any CPU
		Release|Any CPU = Release|Any CPU
	EndGlobalSection
	GlobalSection(ProjectConfigurationPlatforms) = postSolution
		{1759B4AE-4D91-4A33-8611-DBC3D318E7ED}.Debug|Any CPU.ActiveCfg = Debug|Any CPU
		{1759B4AE-4D91-4A33-8611-DBC3D318E7ED}.Debug|Any CPU.Build.0 = Debug|Any CPU
		{1759B4AE-4D91-4A33-8611-DBC3D318E7ED}.Release|Any CPU.ActiveCfg = Release|Any CPU
		{1759B4AE-4D91-4A33-8611-DBC3D318E7ED}.Release|Any CPU.Build.0 = Release|Any CPU
		{FAD8FEEB-4D9F-41EC-8470-C42CC50A7523}.Debug|Any CPU.ActiveCfg = Debug|Any CPU
		{FAD8FEEB-4D9F-41EC-8470-C42CC50A7523}.Debug|Any CPU.Build.0 = Debug|Any CPU
		{FAD8FEEB-4D9F-41EC-8470-C42CC50A7523}.Release|Any CPU.ActiveCfg = Release|Any CPU
		{FAD8FEEB-4D9F-41EC-8470-C42CC50A7523}.Release|Any CPU.Build.0 = Release|Any CPU
		{C548B8BF-BDB4-4514-854B-22457368A94C}.Debug|Any CPU.ActiveCfg = Debug|Any CPU
		{C548B8BF-BDB4-4514-854B-22457368A94C}.Debug|Any CPU.Build.0 = Debug|Any CPU
		{C548B8BF-BDB4-4514-854B-22457368A94C}.Release|Any CPU.ActiveCfg = Release|Any CPU
		{C548B8BF-BDB4-4514-854B-22457368A94C}.Release|Any CPU.Build.0 = Release|Any CPU
		{4CA4E2C5-9AEC-4940-B5A6-33ABF3A53F12}.Debug|Any CPU.ActiveCfg = Debug|Any CPU
		{4CA4E2C5-9AEC-4940-B5A6-33ABF3A53F12}.Debug|Any CPU.Build.0 = Debug|Any CPU
		{4CA4E2C5-9AEC-4940-B5A6-33ABF3A53F12}.Release|Any CPU.ActiveCfg = Release|Any CPU
		{4CA4E2C5-9AEC-4940-B5A6-33ABF3A53F12}.Release|Any CPU.Build.0 = Release|Any CPU
		{C19A3D46-0CD0-4F01-9470-D65671B89885}.Debug|Any CPU.ActiveCfg = Debug|Any CPU
		{C19A3D46-0CD0-4F01-9470-D65671B89885}.Debug|Any CPU.Build.0 = Debug|Any CPU
		{C19A3D46-0CD0-4F01-9470-D65671B89885}.Release|Any CPU.ActiveCfg = Release|Any CPU
		{C19A3D46-0CD0-4F01-9470-D65671B89885}.Release|Any CPU.Build.0 = Release|Any CPU
		{C71C8EE7-4F21-42AC-B80B-C2DDCF206D95}.Debug|Any CPU.ActiveCfg = Debug|Any CPU
		{C71C8EE7-4F21-42AC-B80B-C2DDCF206D95}.Debug|Any CPU.Build.0 = Debug|Any CPU
		{C71C8EE7-4F21-42AC-B80B-C2DDCF206D95}.Release|Any CPU.ActiveCfg = Release|Any CPU
		{C71C8EE7-4F21-42AC-B80B-C2DDCF206D95}.Release|Any CPU.Build.0 = Release|Any CPU
		{ECFBA299-6A92-447F-8444-6B24D96D9139}.Debug|Any CPU.ActiveCfg = Debug|Any CPU
		{ECFBA299-6A92-447F-8444-6B24D96D9139}.Debug|Any CPU.Build.0 = Debug|Any CPU
		{ECFBA299-6A92-447F-8444-6B24D96D9139}.Release|Any CPU.ActiveCfg = Release|Any CPU
		{ECFBA299-6A92-447F-8444-6B24D96D9139}.Release|Any CPU.Build.0 = Release|Any CPU
		{CFB4FDFA-DB0E-4025-8614-B70F5AB31E08}.Debug|Any CPU.ActiveCfg = Debug|Any CPU
		{CFB4FDFA-DB0E-4025-8614-B70F5AB31E08}.Debug|Any CPU.Build.0 = Debug|Any CPU
		{CFB4FDFA-DB0E-4025-8614-B70F5AB31E08}.Release|Any CPU.ActiveCfg = Release|Any CPU
		{CFB4FDFA-DB0E-4025-8614-B70F5AB31E08}.Release|Any CPU.Build.0 = Release|Any CPU
		{74360DD2-45E3-4F9C-A8C9-F84835905498}.Debug|Any CPU.ActiveCfg = Debug|Any CPU
		{74360DD2-45E3-4F9C-A8C9-F84835905498}.Debug|Any CPU.Build.0 = Debug|Any CPU
		{74360DD2-45E3-4F9C-A8C9-F84835905498}.Release|Any CPU.ActiveCfg = Release|Any CPU
		{74360DD2-45E3-4F9C-A8C9-F84835905498}.Release|Any CPU.Build.0 = Release|Any CPU
		{38E43CEB-A2FC-46BB-A822-0DA9A6DEA929}.Debug|Any CPU.ActiveCfg = Debug|Any CPU
		{38E43CEB-A2FC-46BB-A822-0DA9A6DEA929}.Debug|Any CPU.Build.0 = Debug|Any CPU
		{38E43CEB-A2FC-46BB-A822-0DA9A6DEA929}.Release|Any CPU.ActiveCfg = Release|Any CPU
		{38E43CEB-A2FC-46BB-A822-0DA9A6DEA929}.Release|Any CPU.Build.0 = Release|Any CPU
		{7487484E-DE4A-4286-B8F6-FBFD9737CC38}.Debug|Any CPU.ActiveCfg = Debug|Any CPU
		{7487484E-DE4A-4286-B8F6-FBFD9737CC38}.Debug|Any CPU.Build.0 = Debug|Any CPU
		{7487484E-DE4A-4286-B8F6-FBFD9737CC38}.Release|Any CPU.ActiveCfg = Release|Any CPU
		{7487484E-DE4A-4286-B8F6-FBFD9737CC38}.Release|Any CPU.Build.0 = Release|Any CPU
		{B67E79D9-55AA-43C5-90F7-310DC7417692}.Debug|Any CPU.ActiveCfg = Debug|Any CPU
		{B67E79D9-55AA-43C5-90F7-310DC7417692}.Debug|Any CPU.Build.0 = Debug|Any CPU
		{B67E79D9-55AA-43C5-90F7-310DC7417692}.Release|Any CPU.ActiveCfg = Release|Any CPU
		{B67E79D9-55AA-43C5-90F7-310DC7417692}.Release|Any CPU.Build.0 = Release|Any CPU
		{EB5B67E3-3F46-4D2E-83AC-A9FF62EEB3D1}.Debug|Any CPU.ActiveCfg = Debug|Any CPU
		{EB5B67E3-3F46-4D2E-83AC-A9FF62EEB3D1}.Debug|Any CPU.Build.0 = Debug|Any CPU
		{EB5B67E3-3F46-4D2E-83AC-A9FF62EEB3D1}.Release|Any CPU.ActiveCfg = Release|Any CPU
		{EB5B67E3-3F46-4D2E-83AC-A9FF62EEB3D1}.Release|Any CPU.Build.0 = Release|Any CPU
		{3EB4A894-F2CA-4A81-8193-F84B78AB66BF}.Debug|Any CPU.ActiveCfg = Debug|Any CPU
		{3EB4A894-F2CA-4A81-8193-F84B78AB66BF}.Debug|Any CPU.Build.0 = Debug|Any CPU
		{3EB4A894-F2CA-4A81-8193-F84B78AB66BF}.Release|Any CPU.ActiveCfg = Release|Any CPU
		{3EB4A894-F2CA-4A81-8193-F84B78AB66BF}.Release|Any CPU.Build.0 = Release|Any CPU
		{15F57A1D-32A7-47A9-AA95-4FDA337CC8CF}.Debug|Any CPU.ActiveCfg = Debug|Any CPU
		{15F57A1D-32A7-47A9-AA95-4FDA337CC8CF}.Debug|Any CPU.Build.0 = Debug|Any CPU
		{15F57A1D-32A7-47A9-AA95-4FDA337CC8CF}.Release|Any CPU.ActiveCfg = Release|Any CPU
		{15F57A1D-32A7-47A9-AA95-4FDA337CC8CF}.Release|Any CPU.Build.0 = Release|Any CPU
		{E73AAE1D-C78D-4E1C-9C1E-C0F6E6B5AD76}.Debug|Any CPU.ActiveCfg = Debug|Any CPU
		{E73AAE1D-C78D-4E1C-9C1E-C0F6E6B5AD76}.Debug|Any CPU.Build.0 = Debug|Any CPU
		{E73AAE1D-C78D-4E1C-9C1E-C0F6E6B5AD76}.Release|Any CPU.ActiveCfg = Release|Any CPU
		{E73AAE1D-C78D-4E1C-9C1E-C0F6E6B5AD76}.Release|Any CPU.Build.0 = Release|Any CPU
		{E1826485-493A-457E-97E8-53B8D62ED49D}.Debug|Any CPU.ActiveCfg = Debug|Any CPU
		{E1826485-493A-457E-97E8-53B8D62ED49D}.Debug|Any CPU.Build.0 = Debug|Any CPU
		{E1826485-493A-457E-97E8-53B8D62ED49D}.Release|Any CPU.ActiveCfg = Release|Any CPU
		{E1826485-493A-457E-97E8-53B8D62ED49D}.Release|Any CPU.Build.0 = Release|Any CPU
		{29548AB8-18B8-468F-8C55-F6865577788D}.Debug|Any CPU.ActiveCfg = Debug|Any CPU
		{29548AB8-18B8-468F-8C55-F6865577788D}.Debug|Any CPU.Build.0 = Debug|Any CPU
		{29548AB8-18B8-468F-8C55-F6865577788D}.Release|Any CPU.ActiveCfg = Release|Any CPU
		{29548AB8-18B8-468F-8C55-F6865577788D}.Release|Any CPU.Build.0 = Release|Any CPU
		{BBB7A035-601A-4EFC-812F-56C876FEC632}.Debug|Any CPU.ActiveCfg = Debug|Any CPU
		{BBB7A035-601A-4EFC-812F-56C876FEC632}.Debug|Any CPU.Build.0 = Debug|Any CPU
		{BBB7A035-601A-4EFC-812F-56C876FEC632}.Release|Any CPU.ActiveCfg = Release|Any CPU
		{BBB7A035-601A-4EFC-812F-56C876FEC632}.Release|Any CPU.Build.0 = Release|Any CPU
		{77FCA857-37F0-4CBE-BA23-953A0BCBC981}.Debug|Any CPU.ActiveCfg = Debug|Any CPU
		{77FCA857-37F0-4CBE-BA23-953A0BCBC981}.Debug|Any CPU.Build.0 = Debug|Any CPU
		{77FCA857-37F0-4CBE-BA23-953A0BCBC981}.Release|Any CPU.ActiveCfg = Release|Any CPU
		{77FCA857-37F0-4CBE-BA23-953A0BCBC981}.Release|Any CPU.Build.0 = Release|Any CPU
		{FCFD94E2-D06C-4E39-9F87-847684B929A6}.Debug|Any CPU.ActiveCfg = Debug|Any CPU
		{FCFD94E2-D06C-4E39-9F87-847684B929A6}.Debug|Any CPU.Build.0 = Debug|Any CPU
		{FCFD94E2-D06C-4E39-9F87-847684B929A6}.Release|Any CPU.ActiveCfg = Release|Any CPU
		{FCFD94E2-D06C-4E39-9F87-847684B929A6}.Release|Any CPU.Build.0 = Release|Any CPU
		{ED9712AF-8894-4B37-89B1-9966A0975D7F}.Debug|Any CPU.ActiveCfg = Debug|Any CPU
		{ED9712AF-8894-4B37-89B1-9966A0975D7F}.Debug|Any CPU.Build.0 = Debug|Any CPU
		{ED9712AF-8894-4B37-89B1-9966A0975D7F}.Release|Any CPU.ActiveCfg = Release|Any CPU
		{ED9712AF-8894-4B37-89B1-9966A0975D7F}.Release|Any CPU.Build.0 = Release|Any CPU
		{284A5AB4-DAB2-4F0D-8CB8-52EFDC9C1CEE}.Debug|Any CPU.ActiveCfg = Debug|Any CPU
		{284A5AB4-DAB2-4F0D-8CB8-52EFDC9C1CEE}.Debug|Any CPU.Build.0 = Debug|Any CPU
		{284A5AB4-DAB2-4F0D-8CB8-52EFDC9C1CEE}.Release|Any CPU.ActiveCfg = Release|Any CPU
		{284A5AB4-DAB2-4F0D-8CB8-52EFDC9C1CEE}.Release|Any CPU.Build.0 = Release|Any CPU
		{BDB9E7B6-9417-4CD0-BB9D-65D6EA7D2850}.Debug|Any CPU.ActiveCfg = Debug|Any CPU
		{BDB9E7B6-9417-4CD0-BB9D-65D6EA7D2850}.Debug|Any CPU.Build.0 = Debug|Any CPU
		{BDB9E7B6-9417-4CD0-BB9D-65D6EA7D2850}.Release|Any CPU.ActiveCfg = Release|Any CPU
		{BDB9E7B6-9417-4CD0-BB9D-65D6EA7D2850}.Release|Any CPU.Build.0 = Release|Any CPU
		{E2A2888A-2BEA-4DFB-B140-DDFD38BE97F5}.Debug|Any CPU.ActiveCfg = Debug|Any CPU
		{E2A2888A-2BEA-4DFB-B140-DDFD38BE97F5}.Debug|Any CPU.Build.0 = Debug|Any CPU
		{E2A2888A-2BEA-4DFB-B140-DDFD38BE97F5}.Release|Any CPU.ActiveCfg = Release|Any CPU
		{E2A2888A-2BEA-4DFB-B140-DDFD38BE97F5}.Release|Any CPU.Build.0 = Release|Any CPU
		{B8717836-DC48-42B0-9B97-40E13243153B}.Debug|Any CPU.ActiveCfg = Debug|Any CPU
		{B8717836-DC48-42B0-9B97-40E13243153B}.Debug|Any CPU.Build.0 = Debug|Any CPU
		{B8717836-DC48-42B0-9B97-40E13243153B}.Release|Any CPU.ActiveCfg = Release|Any CPU
		{B8717836-DC48-42B0-9B97-40E13243153B}.Release|Any CPU.Build.0 = Release|Any CPU
	EndGlobalSection
	GlobalSection(SolutionProperties) = preSolution
		HideSolutionNode = FALSE
	EndGlobalSection
	GlobalSection(NestedProjects) = preSolution
		{1759B4AE-4D91-4A33-8611-DBC3D318E7ED} = {89DD95B9-C02B-4CF4-B88D-5891114EB161}
		{FAD8FEEB-4D9F-41EC-8470-C42CC50A7523} = {89DD95B9-C02B-4CF4-B88D-5891114EB161}
		{C548B8BF-BDB4-4514-854B-22457368A94C} = {89DD95B9-C02B-4CF4-B88D-5891114EB161}
		{4CA4E2C5-9AEC-4940-B5A6-33ABF3A53F12} = {89DD95B9-C02B-4CF4-B88D-5891114EB161}
		{C19A3D46-0CD0-4F01-9470-D65671B89885} = {89DD95B9-C02B-4CF4-B88D-5891114EB161}
		{C71C8EE7-4F21-42AC-B80B-C2DDCF206D95} = {89DD95B9-C02B-4CF4-B88D-5891114EB161}
		{ECFBA299-6A92-447F-8444-6B24D96D9139} = {89DD95B9-C02B-4CF4-B88D-5891114EB161}
		{CFB4FDFA-DB0E-4025-8614-B70F5AB31E08} = {89DD95B9-C02B-4CF4-B88D-5891114EB161}
		{74360DD2-45E3-4F9C-A8C9-F84835905498} = {89DD95B9-C02B-4CF4-B88D-5891114EB161}
		{38E43CEB-A2FC-46BB-A822-0DA9A6DEA929} = {89DD95B9-C02B-4CF4-B88D-5891114EB161}
		{7487484E-DE4A-4286-B8F6-FBFD9737CC38} = {89DD95B9-C02B-4CF4-B88D-5891114EB161}
		{B67E79D9-55AA-43C5-90F7-310DC7417692} = {89DD95B9-C02B-4CF4-B88D-5891114EB161}
		{EB5B67E3-3F46-4D2E-83AC-A9FF62EEB3D1} = {89DD95B9-C02B-4CF4-B88D-5891114EB161}
		{3EB4A894-F2CA-4A81-8193-F84B78AB66BF} = {89DD95B9-C02B-4CF4-B88D-5891114EB161}
		{15F57A1D-32A7-47A9-AA95-4FDA337CC8CF} = {89DD95B9-C02B-4CF4-B88D-5891114EB161}
		{E73AAE1D-C78D-4E1C-9C1E-C0F6E6B5AD76} = {89DD95B9-C02B-4CF4-B88D-5891114EB161}
		{E1826485-493A-457E-97E8-53B8D62ED49D} = {07EC6C2E-F871-4D3D-A16E-4CC0D8EA13E8}
		{29548AB8-18B8-468F-8C55-F6865577788D} = {07EC6C2E-F871-4D3D-A16E-4CC0D8EA13E8}
		{BBB7A035-601A-4EFC-812F-56C876FEC632} = {07EC6C2E-F871-4D3D-A16E-4CC0D8EA13E8}
		{77FCA857-37F0-4CBE-BA23-953A0BCBC981} = {07EC6C2E-F871-4D3D-A16E-4CC0D8EA13E8}
		{FCFD94E2-D06C-4E39-9F87-847684B929A6} = {07EC6C2E-F871-4D3D-A16E-4CC0D8EA13E8}
		{ED9712AF-8894-4B37-89B1-9966A0975D7F} = {07EC6C2E-F871-4D3D-A16E-4CC0D8EA13E8}
		{284A5AB4-DAB2-4F0D-8CB8-52EFDC9C1CEE} = {07EC6C2E-F871-4D3D-A16E-4CC0D8EA13E8}
		{4C1584AF-BA0C-424F-9EB1-F10E0805B9B6} = {07EC6C2E-F871-4D3D-A16E-4CC0D8EA13E8}
		{BDB9E7B6-9417-4CD0-BB9D-65D6EA7D2850} = {4C1584AF-BA0C-424F-9EB1-F10E0805B9B6}
		{E2A2888A-2BEA-4DFB-B140-DDFD38BE97F5} = {4C1584AF-BA0C-424F-9EB1-F10E0805B9B6}
		{B8717836-DC48-42B0-9B97-40E13243153B} = {4C1584AF-BA0C-424F-9EB1-F10E0805B9B6}
	EndGlobalSection
EndGlobal
